{
  "originHash" : "290999529fd436bf5cf1f1ac9c38c29be252806b55e14a3d3a72633b0c429792",
  "pins" : [
    {
      "identity" : "webui",
      "kind" : "remoteSourceControl",
      "location" : "https://github.com/cybozu/WebUI.git",
      "state" : {
        "revision" : "a7bdade767f8474d80b034bf0d758f6d8559e4ce",
        "version" : "4.4.0"
      }
    }
  ],
  "version" : 3
}
